<?xml version="1.0" encoding="utf-8"?>
<Project ToolsVersion="4.0" xmlns="http://schemas.microsoft.com/developer/msbuild/2003">
  <ItemGroup>
    <Filter Include="lua">
      <UniqueIdentifier>{f13cf496-0d1f-460e-9bff-ed219b27b3f5}</UniqueIdentifier>
    </Filter>
  </ItemGroup>
  <ItemGroup>
    <ClCompile Include="lua-5.3.0\src\lapi.c">
      <Filter>lua</Filter>
    </ClCompile>
    <ClCompile Include="lua-5.3.0\src\lauxlib.c">
      <Filter>lua</Filter>
    </ClCompile>
    <ClCompile Include="lua-5.3.0\src\lbaselib.c">
      <Filter>lua</Filter>
    </ClCompile>
    <ClCompile Include="lua-5.3.0\src\lbitlib.c">
      <Filter>lua</Filter>
    </ClCompile>
    <ClCompile Include="lua-5.3.0\src\lcode.c">
      <Filter>lua</Filter>
    </ClCompile>
    <ClCompile Include="lua-5.3.0\src\lcorolib.c">
      <Filter>lua</Filter>
    </ClCompile>
    <ClCompile Include="lua-5.3.0\src\lctype.c">
      <Filter>lua</Filter>
    </ClCompile>
    <ClCompile Include="lua-5.3.0\src\ldblib.c">
      <Filter>lua</Filter>
    </ClCompile>
    <ClCompile Include="lua-5.3.0\src\ldebug.c">
      <Filter>lua</Filter>
    </ClCompile>
    <ClCompile Include="lua-5.3.0\src\ldo.c">
      <Filter>lua</Filter>
    </ClCompile>
    <ClCompile Include="lua-5.3.0\src\ldump.c">
      <Filter>lua</Filter>
    </ClCompile>
    <ClCompile Include="lua-5.3.0\src\lfunc.c">
      <Filter>lua</Filter>
    </ClCompile>
    <ClCompile Include="lua-5.3.0\src\lgc.c">
      <Filter>lua</Filter>
    </ClCompile>
    <ClCompile Include="lua-5.3.0\src\linit.c">
      <Filter>lua</Filter>
    </ClCompile>
    <ClCompile Include="lua-5.3.0\src\liolib.c">
      <Filter>lua</Filter>
    </ClCompile>
    <ClCompile Include="lua-5.3.0\src\llex.c">
      <Filter>lua</Filter>
    </ClCompile>
    <ClCompile Include="lua-5.3.0\src\lmathlib.c">
      <Filter>lua</Filter>
    </ClCompile>
    <ClCompile Include="lua-5.3.0\src\lmem.c">
      <Filter>lua</Filter>
    </ClCompile>
    <ClCompile Include="lua-5.3.0\src\loadlib.c">
      <Filter>lua</Filter>
    </ClCompile>
    <ClCompile Include="lua-5.3.0\src\lobject.c">
      <Filter>lua</Filter>
    </ClCompile>
    <ClCompile Include="lua-5.3.0\src\lopcodes.c">
      <Filter>lua</Filter>
    </ClCompile>
    <ClCompile Include="lua-5.3.0\src\loslib.c">
      <Filter>lua</Filter>
    </ClCompile>
    <ClCompile Include="lua-5.3.0\src\lparser.c">
      <Filter>lua</Filter>
    </ClCompile>
    <ClCompile Include="lua-5.3.0\src\lstate.c">
      <Filter>lua</Filter>
    </ClCompile>
    <ClCompile Include="lua-5.3.0\src\lstring.c">
      <Filter>lua</Filter>
    </ClCompile>
    <ClCompile Include="lua-5.3.0\src\lstrlib.c">
      <Filter>lua</Filter>
    </ClCompile>
    <ClCompile Include="lua-5.3.0\src\ltable.c">
      <Filter>lua</Filter>
    </ClCompile>
    <ClCompile Include="lua-5.3.0\src\ltablib.c">
      <Filter>lua</Filter>
    </ClCompile>
    <ClCompile Include="lua-5.3.0\src\ltm.c">
      <Filter>lua</Filter>
    </ClCompile>
    <ClCompile Include="lua-5.3.0\src\lundump.c">
      <Filter>lua</Filter>
    </ClCompile>
    <ClCompile Include="lua-5.3.0\src\lutf8lib.c">
      <Filter>lua</Filter>
    </ClCompile>
    <ClCompile Include="lua-5.3.0\src\lvm.c">
      <Filter>lua</Filter>
    </ClCompile>
    <ClCompile Include="lua-5.3.0\src\lzio.c">
      <Filter>lua</Filter>
    </ClCompile>
    <ClCompile Include="main.cpp" />
    <ClCompile Include="my_class.cpp" />
    <ClCompile Include="af_lua_helpers.cpp" />
    <ClCompile Include="vec.cpp" />
  </ItemGroup>
  <ItemGroup>
    <ClInclude Include="lua-5.3.0\src\lapi.h">
      <Filter>lua</Filter>
    </ClInclude>
    <ClInclude Include="lua-5.3.0\src\lauxlib.h">
      <Filter>lua</Filter>
    </ClInclude>
    <ClInclude Include="lua-5.3.0\src\lcode.h">
      <Filter>lua</Filter>
    </ClInclude>
    <ClInclude Include="lua-5.3.0\src\lctype.h">
      <Filter>lua</Filter>
    </ClInclude>
    <ClInclude Include="lua-5.3.0\src\ldebug.h">
      <Filter>lua</Filter>
    </ClInclude>
    <ClInclude Include="lua-5.3.0\src\ldo.h">
      <Filter>lua</Filter>
    </ClInclude>
    <ClInclude Include="lua-5.3.0\src\lfunc.h">
      <Filter>lua</Filter>
    </ClInclude>
    <ClInclude Include="lua-5.3.0\src\lgc.h">
      <Filter>lua</Filter>
    </ClInclude>
    <ClInclude Include="lua-5.3.0\src\llex.h">
      <Filter>lua</Filter>
    </ClInclude>
    <ClInclude Include="lua-5.3.0\src\llimits.h">
      <Filter>lua</Filter>
    </ClInclude>
    <ClInclude Include="lua-5.3.0\src\lmem.h">
      <Filter>lua</Filter>
    </ClInclude>
    <ClInclude Include="lua-5.3.0\src\lobject.h">
      <Filter>lua</Filter>
    </ClInclude>
    <ClInclude Include="lua-5.3.0\src\lopcodes.h">
      <Filter>lua</Filter>
    </ClInclude>
    <ClInclude Include="lua-5.3.0\src\lparser.h">
      <Filter>lua</Filter>
    </ClInclude>
    <ClInclude Include="lua-5.3.0\src\lprefix.h">
      <Filter>lua</Filter>
    </ClInclude>
    <ClInclude Include="lua-5.3.0\src\lstate.h">
      <Filter>lua</Filter>
    </ClInclude>
    <ClInclude Include="lua-5.3.0\src\lstring.h">
      <Filter>lua</Filter>
    </ClInclude>
    <ClInclude Include="lua-5.3.0\src\ltable.h">
      <Filter>lua</Filter>
    </ClInclude>
    <ClInclude Include="lua-5.3.0\src\ltm.h">
      <Filter>lua</Filter>
    </ClInclude>
    <ClInclude Include="lua-5.3.0\src\luaconf.h">
      <Filter>lua</Filter>
    </ClInclude>
    <ClInclude Include="lua-5.3.0\src\lualib.h">
      <Filter>lua</Filter>
    </ClInclude>
    <ClInclude Include="lua-5.3.0\src\lundump.h">
      <Filter>lua</Filter>
    </ClInclude>
    <ClInclude Include="lua-5.3.0\src\lvm.h">
      <Filter>lua</Filter>
    </ClInclude>
    <ClInclude Include="lua-5.3.0\src\lzio.h">
      <Filter>lua</Filter>
    </ClInclude>
    <ClInclude Include="af_lua_helpers.h" />
  </ItemGroup>
  <ItemGroup>
    <None Include="main.lua" />
    <None Include="my_class.lua" />
    <None Include="vec4.lua" />
    <None Include="mes_box.lua" />
  </ItemGroup>
</Project>